
Microsoft Visual Studio Solution File, Format Version 12.00
# Visual Studio Version 16
VisualStudioVersion = 16.0.31205.134
MinimumVisualStudioVersion = 10.0.40219.1
Project("{FAE04EC0-301F-11D3-BF4B-00C04F79EFBC}") = "Msit143Site", "Msit143Site\Msit143Site.csproj", "{CEC3296B-7E27-41A5-A141-C4289722607D}"
EndProject
Global
	GlobalSection(SolutionConfigurationPlatforms) = preSolution
		Debug|Any CPU = Debug|Any CPU
		Release|Any CPU = Release|Any CPU
	EndGlobalSection
	GlobalSection(ProjectConfigurationPlatforms) = postSolution
		{CEC3296B-7E27-41A5-A141-C4289722607D}.Debug|Any CPU.ActiveCfg = Debug|Any CPU
		{CEC3296B-7E27-41A5-A141-C4289722607D}.Debug|Any CPU.Build.0 = Debug|Any CPU
		{CEC3296B-7E27-41A5-A141-C4289722607D}.Release|Any CPU.ActiveCfg = Release|Any CPU
		{CEC3296B-7E27-41A5-A141-C4289722607D}.Release|Any CPU.Build.0 = Release|Any CPU
	EndGlobalSection
	GlobalSection(SolutionProperties) = preSolution
		HideSolutionNode = FALSE
	EndGlobalSection
	GlobalSection(ExtensibilityGlobals) = postSolution
		SolutionGuid = {21A9187E-3316-4159-BBD5-D1B0B71C0E42}
	EndGlobalSection
EndGlobal
